// !$*UTF8*$!
{
	archiveVersion = 1;
	classes = {
	};
	objectVersion = 56;
	objects = {

/* Begin PBXBuildFile section */
		6B36B13F29D48E73009D7AB1 /* E_llergyLogoPureSwiftUiApp.swift in Sources */ = {isa = PBXBuildFile; fileRef = 6B36B13E29D48E73009D7AB1 /* E_llergyLogoPureSwiftUiApp.swift */; };
		6B36B14129D48E73009D7AB1 /* LogoView.swift in Sources */ = {isa = PBXBuildFile; fileRef = 6B36B14029D48E73009D7AB1 /* LogoView.swift */; };
		6B36B14329D48E75009D7AB1 /* Assets.xcassets in Resources */ = {isa = PBXBuildFile; fileRef = 6B36B14229D48E75009D7AB1 /* Assets.xcassets */; };
		6B36B14629D48E75009D7AB1 /* Preview Assets.xcassets in Resources */ = {isa = PBXBuildFile; fileRef = 6B36B14529D48E75009D7AB1 /* Preview Assets.xcassets */; };
		6B36B14E29D48EB3009D7AB1 /* PureSwiftUI in Frameworks */ = {isa = PBXBuildFile; productRef = 6B36B14D29D48EB3009D7AB1 /* PureSwiftUI */; };
		6BFE88E029DB4D1900B42BA1 /* LogoShape.swift in Sources */ = {isa = PBXBuildFile; fileRef = 6BFE88DF29DB4D1900B42BA1 /* LogoShape.swift */; };
		6BFE88E229DB706600B42BA1 /* Homepage.swift in Sources */ = {isa = PBXBuildFile; fileRef = 6BFE88E129DB706600B42BA1 /* Homepage.swift */; };
/* End PBXBuildFile section */

/* Begin PBXFileReference section */
		6B36B13B29D48E73009D7AB1 /* E-llergyLogoPureSwiftUi.app */ = {isa = PBXFileReference; explicitFileType = wrapper.application; includeInIndex = 0; path = "E-llergyLogoPureSwiftUi.app"; sourceTree = BUILT_PRODUCTS_DIR; };
		6B36B13E29D48E73009D7AB1 /* E_llergyLogoPureSwiftUiApp.swift */ = {isa = PBXFileReference; lastKnownFileType = sourcecode.swift; path = E_llergyLogoPureSwiftUiApp.swift; sourceTree = "<group>"; };
		6B36B14029D48E73009D7AB1 /* LogoView.swift */ = {isa = PBXFileReference; lastKnownFileType = sourcecode.swift; path = LogoView.swift; sourceTree = "<group>"; };
		6B36B14229D48E75009D7AB1 /* Assets.xcassets */ = {isa = PBXFileReference; lastKnownFileType = folder.assetcatalog; path = Assets.xcassets; sourceTree = "<group>"; };
		6B36B14529D48E75009D7AB1 /* Preview Assets.xcassets */ = {isa = PBXFileReference; lastKnownFileType = folder.assetcatalog; path = "Preview Assets.xcassets"; sourceTree = "<group>"; };
		6BFE88DF29DB4D1900B42BA1 /* LogoShape.swift */ = {isa = PBXFileReference; lastKnownFileType = sourcecode.swift; path = LogoShape.swift; sourceTree = "<group>"; };
		6BFE88E129DB706600B42BA1 /* Homepage.swift */ = {isa = PBXFileReference; lastKnownFileType = sourcecode.swift; path = Homepage.swift; sourceTree = "<group>"; };
/* End PBXFileReference section */

/* Begin PBXFrameworksBuildPhase section */
		6B36B13829D48E73009D7AB1 /* Frameworks */ = {
			isa = PBXFrameworksBuildPhase;
			buildActionMask = 2147483647;
			files = (
				6B36B14E29D48EB3009D7AB1 /* PureSwiftUI in Frameworks */,
			);
			runOnlyForDeploymentPostprocessing = 0;
		};
/* End PBXFrameworksBuildPhase section */

/* Begin PBXGroup section */
		6B36B13229D48E73009D7AB1 = {
			isa = PBXGroup;
			children = (
				6B36B13D29D48E73009D7AB1 /* E-llergyLogoPureSwiftUi */,
				6B36B13C29D48E73009D7AB1 /* Products */,
			);
			sourceTree = "<group>";
		};
		6B36B13C29D48E73009D7AB1 /* Products */ = {
			isa = PBXGroup;
			children = (
				6B36B13B29D48E73009D7AB1 /* E-llergyLogoPureSwiftUi.app */,
			);
			name = Products;
			sourceTree = "<group>";
		};
		6B36B13D29D48E73009D7AB1 /* E-llergyLogoPureSwiftUi */ = {
			isa = PBXGroup;
			children = (
				6B36B13E29D48E73009D7AB1 /* E_llergyLogoPureSwiftUiApp.swift */,
				6B36B14029D48E73009D7AB1 /* LogoView.swift */,
				6BFE88E129DB706600B42BA1 /* Homepage.swift */,
				6BFE88DF29DB4D1900B42BA1 /* LogoShape.swift */,
				6B36B14229D48E75009D7AB1 /* Assets.xcassets */,
				6B36B14429D48E75009D7AB1 /* Preview Content */,
			);
			path = "E-llergyLogoPureSwiftUi";
			sourceTree = "<group>";
		};
		6B36B14429D48E75009D7AB1 /* Preview Content */ = {
			isa = PBXGroup;
			children = (
				6B36B14529D48E75009D7AB1 /* Preview Assets.xcassets */,
			);
			path = "Preview Content";
			sourceTree = "<group>";
		};
/* End PBXGroup section */

/* Begin PBXNativeTarget section */
		6B36B13A29D48E73009D7AB1 /* E-llergyLogoPureSwiftUi */ = {
			isa = PBXNativeTarget;
			buildConfigurationList = 6B36B14929D48E75009D7AB1 /* Build configuration list for PBXNativeTarget "E-llergyLogoPureSwiftUi" */;
			buildPhases = (
				6B36B13729D48E73009D7AB1 /* Sources */,
				6B36B13829D48E73009D7AB1 /* Frameworks */,
				6B36B13929D48E73009D7AB1 /* Resources */,
			);
			buildRules = (
			);
			dependencies = (
			);
			name = "E-llergyLogoPureSwiftUi";
			packageProductDependencies = (
				6B36B14D29D48EB3009D7AB1 /* PureSwiftUI */,
			);
			productName = "E-llergyLogoPureSwiftUi";
			productReference = 6B36B13B29D48E73009D7AB1 /* E-llergyLogoPureSwiftUi.app */;
			productType = "com.apple.product-type.application";
		};
/* End PBXNativeTarget section */

/* Begin PBXProject section */
		6B36B13329D48E73009D7AB1 /* Project object */ = {
			isa = PBXProject;
			attributes = {
				BuildIndependentTargetsInParallel = 1;
				LastSwiftUpdateCheck = 1420;
				LastUpgradeCheck = 1420;
				TargetAttributes = {
					6B36B13A29D48E73009D7AB1 = {
						CreatedOnToolsVersion = 14.2;
					};
				};
			};
			buildConfigurationList = 6B36B13629D48E73009D7AB1 /* Build configuration list for PBXProject "E-llergyLogoPureSwiftUi" */;
			compatibilityVersion = "Xcode 14.0";
			developmentRegion = en;
			hasScannedForEncodings = 0;
			knownRegions = (
				en,
				Base,
			);
			mainGroup = 6B36B13229D48E73009D7AB1;
			packageReferences = (
				6B36B14C29D48EB3009D7AB1 /* XCRemoteSwiftPackageReference "pure-swift-ui" */,
			);
			productRefGroup = 6B36B13C29D48E73009D7AB1 /* Products */;
			projectDirPath = "";
			projectRoot = "";
			targets = (
				6B36B13A29D48E73009D7AB1 /* E-llergyLogoPureSwiftUi */,
			);
		};
/* End PBXProject section */

/* Begin PBXResourcesBuildPhase section */
		6B36B13929D48E73009D7AB1 /* Resources */ = {
			isa = PBXResourcesBuildPhase;
			buildActionMask = 2147483647;
			files = (
				6B36B14629D48E75009D7AB1 /* Preview Assets.xcassets in Resources */,
				6B36B14329D48E75009D7AB1 /* Assets.xcassets in Resources */,
			);
			runOnlyForDeploymentPostprocessing = 0;
		};
/* End PBXResourcesBuildPhase section */

/* Begin PBXSourcesBuildPhase section */
		6B36B13729D48E73009D7AB1 /* Sources */ = {
			isa = PBXSourcesBuildPhase;
			buildActionMask = 2147483647;
			files = (
				6B36B14129D48E73009D7AB1 /* LogoView.swift in Sources */,
				6BFE88E029DB4D1900B42BA1 /* LogoShape.swift in Sources */,
				6B36B13F29D48E73009D7AB1 /* E_llergyLogoPureSwiftUiApp.swift in Sources */,
				6BFE88E229DB706600B42BA1 /* Homepage.swift in Sources */,
			);
			runOnlyForDeploymentPostprocessing = 0;
		};
/* End PBXSourcesBuildPhase section */

/* Begin XCBuildConfiguration section */
		6B36B14729D48E75009D7AB1 /* Debug */ = {
			isa = XCBuildConfiguration;
			buildSettings = {
				ALWAYS_SEARCH_USER_PATHS = NO;
				CLANG_ANALYZER_NONNULL = YES;
				CLANG_ANALYZER_NUMBER_OBJECT_CONVERSION = YES_AGGRESSIVE;
				CLANG_CXX_LANGUAGE_STANDARD = "gnu++20";
				CLANG_ENABLE_MODULES = YES;
				CLANG_ENABLE_OBJC_ARC = YES;
				CLANG_ENABLE_OBJC_WEAK = YES;
				CLANG_WARN_BLOCK_CAPTURE_AUTORELEASING = YES;
				CLANG_WARN_BOOL_CONVERSION = YES;
				CLANG_WARN_COMMA = YES;
				CLANG_WARN_CONSTANT_CONVERSION = YES;
				CLANG_WARN_DEPRECATED_OBJC_IMPLEMENTATIONS = YES;
				CLANG_WARN_DIRECT_OBJC_ISA_USAGE = YES_ERROR;
				CLANG_WARN_DOCUMENTATION_COMMENTS = YES;
				CLANG_WARN_EMPTY_BODY = YES;
				CLANG_WARN_ENUM_CONVERSION = YES;
				CLANG_WARN_INFINITE_RECURSION = YES;
				CLANG_WARN_INT_CONVERSION = YES;
				CLANG_WARN_NON_LITERAL_NULL_CONVERSION = YES;
				CLANG_WARN_OBJC_IMPLICIT_RETAIN_SELF = YES;
				CLANG_WARN_OBJC_LITERAL_CONVERSION = YES;
				CLANG_WARN_OBJC_ROOT_CLASS = YES_ERROR;
				CLANG_WARN_QUOTED_INCLUDE_IN_FRAMEWORK_HEADER = YES;
				CLANG_WARN_RANGE_LOOP_ANALYSIS = YES;
				CLANG_WARN_STRICT_PROTOTYPES = YES;
				CLANG_WARN_SUSPICIOUS_MOVE = YES;
				CLANG_WARN_UNGUARDED_AVAILABILITY = YES_AGGRESSIVE;
				CLANG_WARN_UNREACHABLE_CODE = YES;
				CLANG_WARN__DUPLICATE_METHOD_MATCH = YES;
				COPY_PHASE_STRIP = NO;
				DEBUG_INFORMATION_FORMAT = dwarf;
				ENABLE_STRICT_OBJC_MSGSEND = YES;
				ENABLE_TESTABILITY = YES;
				GCC_C_LANGUAGE_STANDARD = gnu11;
				GCC_DYNAMIC_NO_PIC = NO;
				GCC_NO_COMMON_BLOCKS = YES;
				GCC_OPTIMIZATION_LEVEL = 0;
				GCC_PREPROCESSOR_DEFINITIONS = (
					"DEBUG=1",
					"$(inherited)",
				);
				GCC_WARN_64_TO_32_BIT_CONVERSION = YES;
				GCC_WARN_ABOUT_RETURN_TYPE = YES_ERROR;
				GCC_WARN_UNDECLARED_SELECTOR = YES;
				GCC_WARN_UNINITIALIZED_AUTOS = YES_AGGRESSIVE;
				GCC_WARN_UNUSED_FUNCTION = YES;
				GCC_WARN_UNUSED_VARIABLE = YES;
				IPHONEOS_DEPLOYMENT_TARGET = 16.2;
				MTL_ENABLE_DEBUG_INFO = INCLUDE_SOURCE;
				MTL_FAST_MATH = YES;
				ONLY_ACTIVE_ARCH = YES;
				SDKROOT = iphoneos;
				SWIFT_ACTIVE_COMPILATION_CONDITIONS = DEBUG;
				SWIFT_OPTIMIZATION_LEVEL = "-Onone";
			};
			name = Debug;
		};
		6B36B14829D48E75009D7AB1 /* Release */ = {
			isa = XCBuildConfiguration;
			buildSettings = {
				ALWAYS_SEARCH_USER_PATHS = NO;
				CLANG_ANALYZER_NONNULL = YES;
				CLANG_ANALYZER_NUMBER_OBJECT_CONVERSION = YES_AGGRESSIVE;
				CLANG_CXX_LANGUAGE_STANDARD = "gnu++20";
				CLANG_ENABLE_MODULES = YES;
				CLANG_ENABLE_OBJC_ARC = YES;
				CLANG_ENABLE_OBJC_WEAK = YES;
				CLANG_WARN_BLOCK_CAPTURE_AUTORELEASING = YES;
				CLANG_WARN_BOOL_CONVERSION = YES;
				CLANG_WARN_COMMA = YES;
				CLANG_WARN_CONSTANT_CONVERSION = YES;
				CLANG_WARN_DEPRECATED_OBJC_IMPLEMENTATIONS = YES;
				CLANG_WARN_DIRECT_OBJC_ISA_USAGE = YES_ERROR;
				CLANG_WARN_DOCUMENTATION_COMMENTS = YES;
				CLANG_WARN_EMPTY_BODY = YES;
				CLANG_WARN_ENUM_CONVERSION = YES;
				CLANG_WARN_INFINITE_RECURSION = YES;
				CLANG_WARN_INT_CONVERSION = YES;
				CLANG_WARN_NON_LITERAL_NULL_CONVERSION = YES;
				CLANG_WARN_OBJC_IMPLICIT_RETAIN_SELF = YES;
				CLANG_WARN_OBJC_LITERAL_CONVERSION = YES;
				CLANG_WARN_OBJC_ROOT_CLASS = YES_ERROR;
				CLANG_WARN_QUOTED_INCLUDE_IN_FRAMEWORK_HEADER = YES;
				CLANG_WARN_RANGE_LOOP_ANALYSIS = YES;
				CLANG_WARN_STRICT_PROTOTYPES = YES;
				CLANG_WARN_SUSPICIOUS_MOVE = YES;
				CLANG_WARN_UNGUARDED_AVAILABILITY = YES_AGGRESSIVE;
				CLANG_WARN_UNREACHABLE_CODE = YES;
				CLANG_WARN__DUPLICATE_METHOD_MATCH = YES;
				COPY_PHASE_STRIP = NO;
				DEBUG_INFORMATION_FORMAT = "dwarf-with-dsym";
				ENABLE_NS_ASSERTIONS = NO;
				ENABLE_STRICT_OBJC_MSGSEND = YES;
				GCC_C_LANGUAGE_STANDARD = gnu11;
				GCC_NO_COMMON_BLOCKS = YES;
				GCC_WARN_64_TO_32_BIT_CONVERSION = YES;
				GCC_WARN_ABOUT_RETURN_TYPE = YES_ERROR;
				GCC_WARN_UNDECLARED_SELECTOR = YES;
				GCC_WARN_UNINITIALIZED_AUTOS = YES_AGGRESSIVE;
				GCC_WARN_UNUSED_FUNCTION = YES;
				GCC_WARN_UNUSED_VARIABLE = YES;
				IPHONEOS_DEPLOYMENT_TARGET = 16.2;
				MTL_ENABLE_DEBUG_INFO = NO;
				MTL_FAST_MATH = YES;
				SDKROOT = iphoneos;
				SWIFT_COMPILATION_MODE = wholemodule;
				SWIFT_OPTIMIZATION_LEVEL = "-O";
				VALIDATE_PRODUCT = YES;
			};
			name = Release;
		};
		6B36B14A29D48E75009D7AB1 /* Debug */ = {
			isa = XCBuildConfiguration;
			buildSettings = {
				ASSETCATALOG_COMPILER_APPICON_NAME = AppIcon;
				ASSETCATALOG_COMPILER_GLOBAL_ACCENT_COLOR_NAME = AccentColor;
				CODE_SIGN_STYLE = Automatic;
				CURRENT_PROJECT_VERSION = 1;
				DEVELOPMENT_ASSET_PATHS = "\"E-llergyLogoPureSwiftUi/Preview Content\"";
				DEVELOPMENT_TEAM = F96TJRTX3X;
				ENABLE_PREVIEWS = YES;
				GENERATE_INFOPLIST_FILE = YES;
				INFOPLIST_KEY_UIApplicationSceneManifest_Generation = YES;
				INFOPLIST_KEY_UIApplicationSupportsIndirectInputEvents = YES;
				INFOPLIST_KEY_UILaunchScreen_Generation = YES;
				INFOPLIST_KEY_UISupportedInterfaceOrientations_iPad = "UIInterfaceOrientationPortrait UIInterfaceOrientationPortraitUpsideDown UIInterfaceOrientationLandscapeLeft UIInterfaceOrientationLandscapeRight";
				INFOPLIST_KEY_UISupportedInterfaceOrientations_iPhone = "UIInterfaceOrientationPortrait UIInterfaceOrientationLandscapeLeft UIInterfaceOrientationLandscapeRight";
				LD_RUNPATH_SEARCH_PATHS = (
					"$(inherited)",
					"@executable_path/Frameworks",
				);
				MARKETING_VERSION = 1.0;
				PRODUCT_BUNDLE_IDENTIFIER = "derekhowes.E-llergyLogoPureSwiftUi";
				PRODUCT_NAME = "$(TARGET_NAME)";
				SWIFT_EMIT_LOC_STRINGS = YES;
				SWIFT_VERSION = 5.0;
				TARGETED_DEVICE_FAMILY = "1,2";
			};
			name = Debug;
		};
		6B36B14B29D48E75009D7AB1 /* Release */ = {
			isa = XCBuildConfiguration;
			buildSettings = {
				ASSETCATALOG_COMPILER_APPICON_NAME = AppIcon;
				ASSETCATALOG_COMPILER_GLOBAL_ACCENT_COLOR_NAME = AccentColor;
				CODE_SIGN_STYLE = Automatic;
				CURRENT_PROJECT_VERSION = 1;
				DEVELOPMENT_ASSET_PATHS = "\"E-llergyLogoPureSwiftUi/Preview Content\"";
				DEVELOPMENT_TEAM = F96TJRTX3X;
				ENABLE_PREVIEWS = YES;
				GENERATE_INFOPLIST_FILE = YES;
				INFOPLIST_KEY_UIApplicationSceneManifest_Generation = YES;
				INFOPLIST_KEY_UIApplicationSupportsIndirectInputEvents = YES;
				INFOPLIST_KEY_UILaunchScreen_Generation = YES;
				INFOPLIST_KEY_UISupportedInterfaceOrientations_iPad = "UIInterfaceOrientationPortrait UIInterfaceOrientationPortraitUpsideDown UIInterfaceOrientationLandscapeLeft UIInterfaceOrientationLandscapeRight";
				INFOPLIST_KEY_UISupportedInterfaceOrientations_iPhone = "UIInterfaceOrientationPortrait UIInterfaceOrientationLandscapeLeft UIInterfaceOrientationLandscapeRight";
				LD_RUNPATH_SEARCH_PATHS = (
					"$(inherited)",
					"@executable_path/Frameworks",
				);
				MARKETING_VERSION = 1.0;
				PRODUCT_BUNDLE_IDENTIFIER = "derekhowes.E-llergyLogoPureSwiftUi";
				PRODUCT_NAME = "$(TARGET_NAME)";
				SWIFT_EMIT_LOC_STRINGS = YES;
				SWIFT_VERSION = 5.0;
				TARGETED_DEVICE_FAMILY = "1,2";
			};
			name = Release;
		};
/* End XCBuildConfiguration section */

/* Begin XCConfigurationList section */
		6B36B13629D48E73009D7AB1 /* Build configuration list for PBXProject "E-llergyLogoPureSwiftUi" */ = {
			isa = XCConfigurationList;
			buildConfigurations = (
				6B36B14729D48E75009D7AB1 /* Debug */,
				6B36B14829D48E75009D7AB1 /* Release */,
			);
			defaultConfigurationIsVisible = 0;
			defaultConfigurationName = Release;
		};
		6B36B14929D48E75009D7AB1 /* Build configuration list for PBXNativeTarget "E-llergyLogoPureSwiftUi" */ = {
			isa = XCConfigurationList;
			buildConfigurations = (
				6B36B14A29D48E75009D7AB1 /* Debug */,
				6B36B14B29D48E75009D7AB1 /* Release */,
			);
			defaultConfigurationIsVisible = 0;
			defaultConfigurationName = Release;
		};
/* End XCConfigurationList section */

/* Begin XCRemoteSwiftPackageReference section */
		6B36B14C29D48EB3009D7AB1 /* XCRemoteSwiftPackageReference "pure-swift-ui" */ = {
			isa = XCRemoteSwiftPackageReference;
			repositoryURL = "https://github.com/CodeSlicing/pure-swift-ui";
			requirement = {
				branch = develop;
				kind = branch;
			};
		};
/* End XCRemoteSwiftPackageReference section */

/* Begin XCSwiftPackageProductDependency section */
		6B36B14D29D48EB3009D7AB1 /* PureSwiftUI */ = {
			isa = XCSwiftPackageProductDependency;
			package = 6B36B14C29D48EB3009D7AB1 /* XCRemoteSwiftPackageReference "pure-swift-ui" */;
			productName = PureSwiftUI;
		};
/* End XCSwiftPackageProductDependency section */
	};
	rootObject = 6B36B13329D48E73009D7AB1 /* Project object */;
}
